{
  "name": "escape-the-room",
  "version": "1.0.0",
  "lockfileVersion": 3,
  "requires": true,
  "packages": {
    "": {
      "name": "escape-the-room",
      "version": "1.0.0",
      "license": "ISC",
      "dependencies": {
        "kaboom": "^3000.0.0-beta.6",
        "matter-js": "^0.19.0"
      }
    },
    "node_modules/kaboom": {
      "version": "3000.0.0-beta.6",
      "resolved": "https://registry.npmjs.org/kaboom/-/kaboom-3000.0.0-beta.6.tgz",
      "integrity": "sha512-kHlM2PVJ5ogghN34D0AAriC22JCVygW5ZqIUj4lTKXQiY/tKCgL0gDifkLvPs30lLR+NVssuR7vqQT5JbO5PzA=="
    },
    "node_modules/matter-js": {
      "version": "0.19.0",
      "resolved": "https://registry.npmjs.org/matter-js/-/matter-js-0.19.0.tgz",
      "integrity": "sha512-v2huwvQGOHTGOkMqtHd2hercCG3f6QAObTisPPHg8TZqq2lz7eIY/5i/5YUV8Ibf3mEioFEmwibcPUF2/fnKKQ=="
    }
  }
}
